
Microsoft Visual Studio Solution File, Format Version 12.00
# Visual Studio 14
VisualStudioVersion = 14.0.25420.1
MinimumVisualStudioVersion = 10.0.40219.1
Project("{FAE04EC0-301F-11D3-BF4B-00C04F79EFBC}") = "AllocateArray", "AllocateArray\AllocateArray.csproj", "{1F5ED8FC-5B2C-409C-B189-2C876FC8BD73}"
EndProject
Project("{FAE04EC0-301F-11D3-BF4B-00C04F79EFBC}") = "CompareArrays", "CompareArrays\CompareArrays.csproj", "{EFDC6342-5B18-473B-A84A-B51FDB1E525D}"
EndProject
Project("{FAE04EC0-301F-11D3-BF4B-00C04F79EFBC}") = "CompareCharArrays", "CompareCharArrays\CompareCharArrays.csproj", "{835AE13D-7B27-432B-9680-70E1B28E25BC}"
EndProject
Project("{FAE04EC0-301F-11D3-BF4B-00C04F79EFBC}") = "MaxSequence", "MaxSequence\MaxSequence.csproj", "{64466E1E-C62B-4D11-96A1-427AF1B232EC}"
EndProject
Project("{FAE04EC0-301F-11D3-BF4B-00C04F79EFBC}") = "SumOfK", "SumOfK\SumOfK.csproj", "{9FBFCE48-40C4-48AE-B701-0E44AB2EF083}"
EndProject
Project("{FAE04EC0-301F-11D3-BF4B-00C04F79EFBC}") = "SelectionSort", "SelectionSort\SelectionSort.csproj", "{D1F8A7B2-7DC0-472D-B0BD-5CCC269A9141}"
EndProject
Project("{FAE04EC0-301F-11D3-BF4B-00C04F79EFBC}") = "MaxSumConsecutive", "MaxSumConsecutive\MaxSumConsecutive.csproj", "{0B753E66-2805-455A-9751-7A5BD6D8B628}"
EndProject
Project("{FAE04EC0-301F-11D3-BF4B-00C04F79EFBC}") = "FrequentNumber", "FrequentNumber\FrequentNumber.csproj", "{62BF9AE7-DFC3-4CE8-B17F-476EE90879F5}"
EndProject
Project("{FAE04EC0-301F-11D3-BF4B-00C04F79EFBC}") = "BinarySearch", "BinarySearch\BinarySearch.csproj", "{4A9C130A-B10E-41C0-A453-6AEEF1CAA497}"
EndProject
Global
	GlobalSection(SolutionConfigurationPlatforms) = preSolution
		Debug|Any CPU = Debug|Any CPU
		Release|Any CPU = Release|Any CPU
	EndGlobalSection
	GlobalSection(ProjectConfigurationPlatforms) = postSolution
		{1F5ED8FC-5B2C-409C-B189-2C876FC8BD73}.Debug|Any CPU.ActiveCfg = Debug|Any CPU
		{1F5ED8FC-5B2C-409C-B189-2C876FC8BD73}.Debug|Any CPU.Build.0 = Debug|Any CPU
		{1F5ED8FC-5B2C-409C-B189-2C876FC8BD73}.Release|Any CPU.ActiveCfg = Release|Any CPU
		{1F5ED8FC-5B2C-409C-B189-2C876FC8BD73}.Release|Any CPU.Build.0 = Release|Any CPU
		{EFDC6342-5B18-473B-A84A-B51FDB1E525D}.Debug|Any CPU.ActiveCfg = Debug|Any CPU
		{EFDC6342-5B18-473B-A84A-B51FDB1E525D}.Debug|Any CPU.Build.0 = Debug|Any CPU
		{EFDC6342-5B18-473B-A84A-B51FDB1E525D}.Release|Any CPU.ActiveCfg = Release|Any CPU
		{EFDC6342-5B18-473B-A84A-B51FDB1E525D}.Release|Any CPU.Build.0 = Release|Any CPU
		{835AE13D-7B27-432B-9680-70E1B28E25BC}.Debug|Any CPU.ActiveCfg = Debug|Any CPU
		{835AE13D-7B27-432B-9680-70E1B28E25BC}.Debug|Any CPU.Build.0 = Debug|Any CPU
		{835AE13D-7B27-432B-9680-70E1B28E25BC}.Release|Any CPU.ActiveCfg = Release|Any CPU
		{835AE13D-7B27-432B-9680-70E1B28E25BC}.Release|Any CPU.Build.0 = Release|Any CPU
		{64466E1E-C62B-4D11-96A1-427AF1B232EC}.Debug|Any CPU.ActiveCfg = Debug|Any CPU
		{64466E1E-C62B-4D11-96A1-427AF1B232EC}.Debug|Any CPU.Build.0 = Debug|Any CPU
		{64466E1E-C62B-4D11-96A1-427AF1B232EC}.Release|Any CPU.ActiveCfg = Release|Any CPU
		{64466E1E-C62B-4D11-96A1-427AF1B232EC}.Release|Any CPU.Build.0 = Release|Any CPU
		{9FBFCE48-40C4-48AE-B701-0E44AB2EF083}.Debug|Any CPU.ActiveCfg = Debug|Any CPU
		{9FBFCE48-40C4-48AE-B701-0E44AB2EF083}.Debug|Any CPU.Build.0 = Debug|Any CPU
		{9FBFCE48-40C4-48AE-B701-0E44AB2EF083}.Release|Any CPU.ActiveCfg = Release|Any CPU
		{9FBFCE48-40C4-48AE-B701-0E44AB2EF083}.Release|Any CPU.Build.0 = Release|Any CPU
		{D1F8A7B2-7DC0-472D-B0BD-5CCC269A9141}.Debug|Any CPU.ActiveCfg = Debug|Any CPU
		{D1F8A7B2-7DC0-472D-B0BD-5CCC269A9141}.Debug|Any CPU.Build.0 = Debug|Any CPU
		{D1F8A7B2-7DC0-472D-B0BD-5CCC269A9141}.Release|Any CPU.ActiveCfg = Release|Any CPU
		{D1F8A7B2-7DC0-472D-B0BD-5CCC269A9141}.Release|Any CPU.Build.0 = Release|Any CPU
		{0B753E66-2805-455A-9751-7A5BD6D8B628}.Debug|Any CPU.ActiveCfg = Debug|Any CPU
		{0B753E66-2805-455A-9751-7A5BD6D8B628}.Debug|Any CPU.Build.0 = Debug|Any CPU
		{0B753E66-2805-455A-9751-7A5BD6D8B628}.Release|Any CPU.ActiveCfg = Release|Any CPU
		{0B753E66-2805-455A-9751-7A5BD6D8B628}.Release|Any CPU.Build.0 = Release|Any CPU
		{62BF9AE7-DFC3-4CE8-B17F-476EE90879F5}.Debug|Any CPU.ActiveCfg = Debug|Any CPU
		{62BF9AE7-DFC3-4CE8-B17F-476EE90879F5}.Debug|Any CPU.Build.0 = Debug|Any CPU
		{62BF9AE7-DFC3-4CE8-B17F-476EE90879F5}.Release|Any CPU.ActiveCfg = Release|Any CPU
		{62BF9AE7-DFC3-4CE8-B17F-476EE90879F5}.Release|Any CPU.Build.0 = Release|Any CPU
		{4A9C130A-B10E-41C0-A453-6AEEF1CAA497}.Debug|Any CPU.ActiveCfg = Debug|Any CPU
		{4A9C130A-B10E-41C0-A453-6AEEF1CAA497}.Debug|Any CPU.Build.0 = Debug|Any CPU
		{4A9C130A-B10E-41C0-A453-6AEEF1CAA497}.Release|Any CPU.ActiveCfg = Release|Any CPU
		{4A9C130A-B10E-41C0-A453-6AEEF1CAA497}.Release|Any CPU.Build.0 = Release|Any CPU
	EndGlobalSection
	GlobalSection(SolutionProperties) = preSolution
		HideSolutionNode = FALSE
	EndGlobalSection
EndGlobal
